// !$*UTF8*$!
{
	archiveVersion = 1;
	classes = {
	};
	objectVersion = 50;
	objects = {

/* Begin PBXBuildFile section */
		6116077B207A64E000A3BF6C /* AppDelegate.swift in Sources */ = {isa = PBXBuildFile; fileRef = 6116077A207A64E000A3BF6C /* AppDelegate.swift */; };
		61160780207A64E000A3BF6C /* Main.storyboard in Resources */ = {isa = PBXBuildFile; fileRef = 6116077E207A64E000A3BF6C /* Main.storyboard */; };
		61160783207A64E000A3BF6C /* ToDoList.xcdatamodeld in Sources */ = {isa = PBXBuildFile; fileRef = 61160781207A64E000A3BF6C /* ToDoList.xcdatamodeld */; };
		61160785207A64E400A3BF6C /* Assets.xcassets in Resources */ = {isa = PBXBuildFile; fileRef = 61160784207A64E400A3BF6C /* Assets.xcassets */; };
		61160788207A64E400A3BF6C /* LaunchScreen.storyboard in Resources */ = {isa = PBXBuildFile; fileRef = 61160786207A64E400A3BF6C /* LaunchScreen.storyboard */; };
		61160790207A676600A3BF6C /* ToDoTableViewController.swift in Sources */ = {isa = PBXBuildFile; fileRef = 6116078F207A676600A3BF6C /* ToDoTableViewController.swift */; };
		61160792207A689700A3BF6C /* ToDoClass.swift in Sources */ = {isa = PBXBuildFile; fileRef = 61160791207A689700A3BF6C /* ToDoClass.swift */; };
		61160794207A730500A3BF6C /* AddToDoViewController.swift in Sources */ = {isa = PBXBuildFile; fileRef = 61160793207A730500A3BF6C /* AddToDoViewController.swift */; };
		61FFA3F72083A76600D9941A /* CompleteToDoViewController.swift in Sources */ = {isa = PBXBuildFile; fileRef = 61FFA3F62083A76600D9941A /* CompleteToDoViewController.swift */; };
/* End PBXBuildFile section */

/* Begin PBXFileReference section */
		61160777207A64E000A3BF6C /* ToDoList.app */ = {isa = PBXFileReference; explicitFileType = wrapper.application; includeInIndex = 0; path = ToDoList.app; sourceTree = BUILT_PRODUCTS_DIR; };
		6116077A207A64E000A3BF6C /* AppDelegate.swift */ = {isa = PBXFileReference; lastKnownFileType = sourcecode.swift; path = AppDelegate.swift; sourceTree = "<group>"; };
		6116077F207A64E000A3BF6C /* Base */ = {isa = PBXFileReference; lastKnownFileType = file.storyboard; name = Base; path = Base.lproj/Main.storyboard; sourceTree = "<group>"; };
		61160782207A64E000A3BF6C /* ToDoList.xcdatamodel */ = {isa = PBXFileReference; lastKnownFileType = wrapper.xcdatamodel; path = ToDoList.xcdatamodel; sourceTree = "<group>"; };
		61160784207A64E400A3BF6C /* Assets.xcassets */ = {isa = PBXFileReference; lastKnownFileType = folder.assetcatalog; path = Assets.xcassets; sourceTree = "<group>"; };
		61160787207A64E400A3BF6C /* Base */ = {isa = PBXFileReference; lastKnownFileType = file.storyboard; name = Base; path = Base.lproj/LaunchScreen.storyboard; sourceTree = "<group>"; };
		61160789207A64E400A3BF6C /* Info.plist */ = {isa = PBXFileReference; lastKnownFileType = text.plist.xml; path = Info.plist; sourceTree = "<group>"; };
		6116078F207A676600A3BF6C /* ToDoTableViewController.swift */ = {isa = PBXFileReference; lastKnownFileType = sourcecode.swift; path = ToDoTableViewController.swift; sourceTree = "<group>"; };
		61160791207A689700A3BF6C /* ToDoClass.swift */ = {isa = PBXFileReference; lastKnownFileType = sourcecode.swift; path = ToDoClass.swift; sourceTree = "<group>"; };
		61160793207A730500A3BF6C /* AddToDoViewController.swift */ = {isa = PBXFileReference; lastKnownFileType = sourcecode.swift; path = AddToDoViewController.swift; sourceTree = "<group>"; };
		61FFA3F62083A76600D9941A /* CompleteToDoViewController.swift */ = {isa = PBXFileReference; lastKnownFileType = sourcecode.swift; path = CompleteToDoViewController.swift; sourceTree = "<group>"; };
/* End PBXFileReference section */

/* Begin PBXFrameworksBuildPhase section */
		61160774207A64E000A3BF6C /* Frameworks */ = {
			isa = PBXFrameworksBuildPhase;
			buildActionMask = 2147483647;
			files = (
			);
			runOnlyForDeploymentPostprocessing = 0;
		};
/* End PBXFrameworksBuildPhase section */

/* Begin PBXGroup section */
		6116076E207A64E000A3BF6C = {
			isa = PBXGroup;
			children = (
				61160779207A64E000A3BF6C /* ToDoList */,
				61160778207A64E000A3BF6C /* Products */,
			);
			sourceTree = "<group>";
		};
		61160778207A64E000A3BF6C /* Products */ = {
			isa = PBXGroup;
			children = (
				61160777207A64E000A3BF6C /* ToDoList.app */,
			);
			name = Products;
			sourceTree = "<group>";
		};
		61160779207A64E000A3BF6C /* ToDoList */ = {
			isa = PBXGroup;
			children = (
				6116077A207A64E000A3BF6C /* AppDelegate.swift */,
				6116078F207A676600A3BF6C /* ToDoTableViewController.swift */,
				61160793207A730500A3BF6C /* AddToDoViewController.swift */,
				61160791207A689700A3BF6C /* ToDoClass.swift */,
				61FFA3F62083A76600D9941A /* CompleteToDoViewController.swift */,
				6116077E207A64E000A3BF6C /* Main.storyboard */,
				61160784207A64E400A3BF6C /* Assets.xcassets */,
				61160786207A64E400A3BF6C /* LaunchScreen.storyboard */,
				61160789207A64E400A3BF6C /* Info.plist */,
				61160781207A64E000A3BF6C /* ToDoList.xcdatamodeld */,
			);
			path = ToDoList;
			sourceTree = "<group>";
		};
/* End PBXGroup section */

/* Begin PBXNativeTarget section */
		61160776207A64E000A3BF6C /* ToDoList */ = {
			isa = PBXNativeTarget;
			buildConfigurationList = 6116078C207A64E400A3BF6C /* Build configuration list for PBXNativeTarget "ToDoList" */;
			buildPhases = (
				61160773207A64E000A3BF6C /* Sources */,
				61160774207A64E000A3BF6C /* Frameworks */,
				61160775207A64E000A3BF6C /* Resources */,
			);
			buildRules = (
			);
			dependencies = (
			);
			name = ToDoList;
			productName = ToDoList;
			productReference = 61160777207A64E000A3BF6C /* ToDoList.app */;
			productType = "com.apple.product-type.application";
		};
/* End PBXNativeTarget section */

/* Begin PBXProject section */
		6116076F207A64E000A3BF6C /* Project object */ = {
			isa = PBXProject;
			attributes = {
				LastSwiftUpdateCheck = 0930;
				LastUpgradeCheck = 0930;
				ORGANIZATIONNAME = "Kuang Yao Chang";
				TargetAttributes = {
					61160776207A64E000A3BF6C = {
						CreatedOnToolsVersion = 9.3;
					};
				};
			};
			buildConfigurationList = 61160772207A64E000A3BF6C /* Build configuration list for PBXProject "ToDoList" */;
			compatibilityVersion = "Xcode 9.3";
			developmentRegion = en;
			hasScannedForEncodings = 0;
			knownRegions = (
				en,
				Base,
			);
			mainGroup = 6116076E207A64E000A3BF6C;
			productRefGroup = 61160778207A64E000A3BF6C /* Products */;
			projectDirPath = "";
			projectRoot = "";
			targets = (
				61160776207A64E000A3BF6C /* ToDoList */,
			);
		};
/* End PBXProject section */

/* Begin PBXResourcesBuildPhase section */
		61160775207A64E000A3BF6C /* Resources */ = {
			isa = PBXResourcesBuildPhase;
			buildActionMask = 2147483647;
			files = (
				61160788207A64E400A3BF6C /* LaunchScreen.storyboard in Resources */,
				61160785207A64E400A3BF6C /* Assets.xcassets in Resources */,
				61160780207A64E000A3BF6C /* Main.storyboard in Resources */,
			);
			runOnlyForDeploymentPostprocessing = 0;
		};
/* End PBXResourcesBuildPhase section */

/* Begin PBXSourcesBuildPhase section */
		61160773207A64E000A3BF6C /* Sources */ = {
			isa = PBXSourcesBuildPhase;
			buildActionMask = 2147483647;
			files = (
				61160783207A64E000A3BF6C /* ToDoList.xcdatamodeld in Sources */,
				61160790207A676600A3BF6C /* ToDoTableViewController.swift in Sources */,
				61160794207A730500A3BF6C /* AddToDoViewController.swift in Sources */,
				61160792207A689700A3BF6C /* ToDoClass.swift in Sources */,
				61FFA3F72083A76600D9941A /* CompleteToDoViewController.swift in Sources */,
				6116077B207A64E000A3BF6C /* AppDelegate.swift in Sources */,
			);
			runOnlyForDeploymentPostprocessing = 0;
		};
/* End PBXSourcesBuildPhase section */

/* Begin PBXVariantGroup section */
		6116077E207A64E000A3BF6C /* Main.storyboard */ = {
			isa = PBXVariantGroup;
			children = (
				6116077F207A64E000A3BF6C /* Base */,
			);
			name = Main.storyboard;
			sourceTree = "<group>";
		};
		61160786207A64E400A3BF6C /* LaunchScreen.storyboard */ = {
			isa = PBXVariantGroup;
			children = (
				61160787207A64E400A3BF6C /* Base */,
			);
			name = LaunchScreen.storyboard;
			sourceTree = "<group>";
		};
/* End PBXVariantGroup section */

/* Begin XCBuildConfiguration section */
		6116078A207A64E400A3BF6C /* Debug */ = {
			isa = XCBuildConfiguration;
			buildSettings = {
				ALWAYS_SEARCH_USER_PATHS = NO;
				CLANG_ANALYZER_NONNULL = YES;
				CLANG_ANALYZER_NUMBER_OBJECT_CONVERSION = YES_AGGRESSIVE;
				CLANG_CXX_LANGUAGE_STANDARD = "gnu++14";
				CLANG_CXX_LIBRARY = "libc++";
				CLANG_ENABLE_MODULES = YES;
				CLANG_ENABLE_OBJC_ARC = YES;
				CLANG_ENABLE_OBJC_WEAK = YES;
				CLANG_WARN_BLOCK_CAPTURE_AUTORELEASING = YES;
				CLANG_WARN_BOOL_CONVERSION = YES;
				CLANG_WARN_COMMA = YES;
				CLANG_WARN_CONSTANT_CONVERSION = YES;
				CLANG_WARN_DEPRECATED_OBJC_IMPLEMENTATIONS = YES;
				CLANG_WARN_DIRECT_OBJC_ISA_USAGE = YES_ERROR;
				CLANG_WARN_DOCUMENTATION_COMMENTS = YES;
				CLANG_WARN_EMPTY_BODY = YES;
				CLANG_WARN_ENUM_CONVERSION = YES;
				CLANG_WARN_INFINITE_RECURSION = YES;
				CLANG_WARN_INT_CONVERSION = YES;
				CLANG_WARN_NON_LITERAL_NULL_CONVERSION = YES;
				CLANG_WARN_OBJC_IMPLICIT_RETAIN_SELF = YES;
				CLANG_WARN_OBJC_LITERAL_CONVERSION = YES;
				CLANG_WARN_OBJC_ROOT_CLASS = YES_ERROR;
				CLANG_WARN_RANGE_LOOP_ANALYSIS = YES;
				CLANG_WARN_STRICT_PROTOTYPES = YES;
				CLANG_WARN_SUSPICIOUS_MOVE = YES;
				CLANG_WARN_UNGUARDED_AVAILABILITY = YES_AGGRESSIVE;
				CLANG_WARN_UNREACHABLE_CODE = YES;
				CLANG_WARN__DUPLICATE_METHOD_MATCH = YES;
				CODE_SIGN_IDENTITY = "iPhone Developer";
				COPY_PHASE_STRIP = NO;
				DEBUG_INFORMATION_FORMAT = dwarf;
				ENABLE_STRICT_OBJC_MSGSEND = YES;
				ENABLE_TESTABILITY = YES;
				GCC_C_LANGUAGE_STANDARD = gnu11;
				GCC_DYNAMIC_NO_PIC = NO;
				GCC_NO_COMMON_BLOCKS = YES;
				GCC_OPTIMIZATION_LEVEL = 0;
				GCC_PREPROCESSOR_DEFINITIONS = (
					"DEBUG=1",
					"$(inherited)",
				);
				GCC_WARN_64_TO_32_BIT_CONVERSION = YES;
				GCC_WARN_ABOUT_RETURN_TYPE = YES_ERROR;
				GCC_WARN_UNDECLARED_SELECTOR = YES;
				GCC_WARN_UNINITIALIZED_AUTOS = YES_AGGRESSIVE;
				GCC_WARN_UNUSED_FUNCTION = YES;
				GCC_WARN_UNUSED_VARIABLE = YES;
				IPHONEOS_DEPLOYMENT_TARGET = 11.3;
				MTL_ENABLE_DEBUG_INFO = YES;
				ONLY_ACTIVE_ARCH = YES;
				SDKROOT = iphoneos;
				SWIFT_ACTIVE_COMPILATION_CONDITIONS = DEBUG;
				SWIFT_OPTIMIZATION_LEVEL = "-Onone";
			};
			name = Debug;
		};
		6116078B207A64E400A3BF6C /* Release */ = {
			isa = XCBuildConfiguration;
			buildSettings = {
				ALWAYS_SEARCH_USER_PATHS = NO;
				CLANG_ANALYZER_NONNULL = YES;
				CLANG_ANALYZER_NUMBER_OBJECT_CONVERSION = YES_AGGRESSIVE;
				CLANG_CXX_LANGUAGE_STANDARD = "gnu++14";
				CLANG_CXX_LIBRARY = "libc++";
				CLANG_ENABLE_MODULES = YES;
				CLANG_ENABLE_OBJC_ARC = YES;
				CLANG_ENABLE_OBJC_WEAK = YES;
				CLANG_WARN_BLOCK_CAPTURE_AUTORELEASING = YES;
				CLANG_WARN_BOOL_CONVERSION = YES;
				CLANG_WARN_COMMA = YES;
				CLANG_WARN_CONSTANT_CONVERSION = YES;
				CLANG_WARN_DEPRECATED_OBJC_IMPLEMENTATIONS = YES;
				CLANG_WARN_DIRECT_OBJC_ISA_USAGE = YES_ERROR;
				CLANG_WARN_DOCUMENTATION_COMMENTS = YES;
				CLANG_WARN_EMPTY_BODY = YES;
				CLANG_WARN_ENUM_CONVERSION = YES;
				CLANG_WARN_INFINITE_RECURSION = YES;
				CLANG_WARN_INT_CONVERSION = YES;
				CLANG_WARN_NON_LITERAL_NULL_CONVERSION = YES;
				CLANG_WARN_OBJC_IMPLICIT_RETAIN_SELF = YES;
				CLANG_WARN_OBJC_LITERAL_CONVERSION = YES;
				CLANG_WARN_OBJC_ROOT_CLASS = YES_ERROR;
				CLANG_WARN_RANGE_LOOP_ANALYSIS = YES;
				CLANG_WARN_STRICT_PROTOTYPES = YES;
				CLANG_WARN_SUSPICIOUS_MOVE = YES;
				CLANG_WARN_UNGUARDED_AVAILABILITY = YES_AGGRESSIVE;
				CLANG_WARN_UNREACHABLE_CODE = YES;
				CLANG_WARN__DUPLICATE_METHOD_MATCH = YES;
				CODE_SIGN_IDENTITY = "iPhone Developer";
				COPY_PHASE_STRIP = NO;
				DEBUG_INFORMATION_FORMAT = "dwarf-with-dsym";
				ENABLE_NS_ASSERTIONS = NO;
				ENABLE_STRICT_OBJC_MSGSEND = YES;
				GCC_C_LANGUAGE_STANDARD = gnu11;
				GCC_NO_COMMON_BLOCKS = YES;
				GCC_WARN_64_TO_32_BIT_CONVERSION = YES;
				GCC_WARN_ABOUT_RETURN_TYPE = YES_ERROR;
				GCC_WARN_UNDECLARED_SELECTOR = YES;
				GCC_WARN_UNINITIALIZED_AUTOS = YES_AGGRESSIVE;
				GCC_WARN_UNUSED_FUNCTION = YES;
				GCC_WARN_UNUSED_VARIABLE = YES;
				IPHONEOS_DEPLOYMENT_TARGET = 11.3;
				MTL_ENABLE_DEBUG_INFO = NO;
				SDKROOT = iphoneos;
				SWIFT_COMPILATION_MODE = wholemodule;
				SWIFT_OPTIMIZATION_LEVEL = "-O";
				VALIDATE_PRODUCT = YES;
			};
			name = Release;
		};
		6116078D207A64E400A3BF6C /* Debug */ = {
			isa = XCBuildConfiguration;
			buildSettings = {
				ASSETCATALOG_COMPILER_APPICON_NAME = AppIcon;
				CODE_SIGN_STYLE = Automatic;
				INFOPLIST_FILE = ToDoList/Info.plist;
				LD_RUNPATH_SEARCH_PATHS = (
					"$(inherited)",
					"@executable_path/Frameworks",
				);
				PRODUCT_BUNDLE_IDENTIFIER = Lawrance28.ToDoList;
				PRODUCT_NAME = "$(TARGET_NAME)";
				SWIFT_VERSION = 4.0;
				TARGETED_DEVICE_FAMILY = "1,2";
			};
			name = Debug;
		};
		6116078E207A64E400A3BF6C /* Release */ = {
			isa = XCBuildConfiguration;
			buildSettings = {
				ASSETCATALOG_COMPILER_APPICON_NAME = AppIcon;
				CODE_SIGN_STYLE = Automatic;
				INFOPLIST_FILE = ToDoList/Info.plist;
				LD_RUNPATH_SEARCH_PATHS = (
					"$(inherited)",
					"@executable_path/Frameworks",
				);
				PRODUCT_BUNDLE_IDENTIFIER = Lawrance28.ToDoList;
				PRODUCT_NAME = "$(TARGET_NAME)";
				SWIFT_VERSION = 4.0;
				TARGETED_DEVICE_FAMILY = "1,2";
			};
			name = Release;
		};
/* End XCBuildConfiguration section */

/* Begin XCConfigurationList section */
		61160772207A64E000A3BF6C /* Build configuration list for PBXProject "ToDoList" */ = {
			isa = XCConfigurationList;
			buildConfigurations = (
				6116078A207A64E400A3BF6C /* Debug */,
				6116078B207A64E400A3BF6C /* Release */,
			);
			defaultConfigurationIsVisible = 0;
			defaultConfigurationName = Release;
		};
		6116078C207A64E400A3BF6C /* Build configuration list for PBXNativeTarget "ToDoList" */ = {
			isa = XCConfigurationList;
			buildConfigurations = (
				6116078D207A64E400A3BF6C /* Debug */,
				6116078E207A64E400A3BF6C /* Release */,
			);
			defaultConfigurationIsVisible = 0;
			defaultConfigurationName = Release;
		};
/* End XCConfigurationList section */

/* Begin XCVersionGroup section */
		61160781207A64E000A3BF6C /* ToDoList.xcdatamodeld */ = {
			isa = XCVersionGroup;
			children = (
				61160782207A64E000A3BF6C /* ToDoList.xcdatamodel */,
			);
			currentVersion = 61160782207A64E000A3BF6C /* ToDoList.xcdatamodel */;
			path = ToDoList.xcdatamodeld;
			sourceTree = "<group>";
			versionGroupType = wrapper.xcdatamodel;
		};
/* End XCVersionGroup section */
	};
	rootObject = 6116076F207A64E000A3BF6C /* Project object */;
}
